
Microsoft Visual Studio Solution File, Format Version 12.00
# Visual Studio Version 16
VisualStudioVersion = 16.0.33130.400
MinimumVisualStudioVersion = 10.0.40219.1
Project("{888888A0-9F3D-457C-B088-3A5042F75D52}") = "placeholder", "placeholder.pyproj", "{1801B119-FBF2-4AB4-AEEF-48CB02B7B33E}"
EndProject
Global
	GlobalSection(SolutionConfigurationPlatforms) = preSolution
		Debug|Any CPU = Debug|Any CPU
		Release|Any CPU = Release|Any CPU
	EndGlobalSection
	GlobalSection(ProjectConfigurationPlatforms) = postSolution
		{1801B119-FBF2-4AB4-AEEF-48CB02B7B33E}.Debug|Any CPU.ActiveCfg = Debug|Any CPU
		{1801B119-FBF2-4AB4-AEEF-48CB02B7B33E}.Release|Any CPU.ActiveCfg = Release|Any CPU
	EndGlobalSection
	GlobalSection(SolutionProperties) = preSolution
		HideSolutionNode = FALSE
	EndGlobalSection
	GlobalSection(ExtensibilityGlobals) = postSolution
		SolutionGuid = {A4A4E318-1D70-4658-85DC-8F48BD8EEB06}
	EndGlobalSection
EndGlobal
